// !$*UTF8*$!
{
	archiveVersion = 1;
	classes = {
	};
	objectVersion = 50;
	objects = {

/* Begin PBXBuildFile section */
		C40F43212397BEC600763F46 /* Pregunta.swift in Sources */ = {isa = PBXBuildFile; fileRef = C40F43202397BEC600763F46 /* Pregunta.swift */; };
		C40F43232397C55C00763F46 /* PreguntasFactory.swift in Sources */ = {isa = PBXBuildFile; fileRef = C40F43222397C55C00763F46 /* PreguntasFactory.swift */; };
		C40F432A2397E87D00763F46 /* ProgressHUD.m in Sources */ = {isa = PBXBuildFile; fileRef = C40F43282397E87D00763F46 /* ProgressHUD.m */; };
		C40F432B2397E87D00763F46 /* ProgressHUD.bundle in Resources */ = {isa = PBXBuildFile; fileRef = C40F43292397E87D00763F46 /* ProgressHUD.bundle */; };
		C40F432C2397EB1500763F46 /* QuestionsBank.plist in Resources */ = {isa = PBXBuildFile; fileRef = C40F432E2397EB1500763F46 /* QuestionsBank.plist */; };
		C4509A972397B32600EC91BD /* Extensions.swift in Sources */ = {isa = PBXBuildFile; fileRef = C4509A962397B32500EC91BD /* Extensions.swift */; };
		C4B61CD5239716FD00DF8F74 /* AppDelegate.swift in Sources */ = {isa = PBXBuildFile; fileRef = C4B61CD4239716FD00DF8F74 /* AppDelegate.swift */; };
		C4B61CD7239716FD00DF8F74 /* SceneDelegate.swift in Sources */ = {isa = PBXBuildFile; fileRef = C4B61CD6239716FD00DF8F74 /* SceneDelegate.swift */; };
		C4B61CD9239716FD00DF8F74 /* ViewController.swift in Sources */ = {isa = PBXBuildFile; fileRef = C4B61CD8239716FD00DF8F74 /* ViewController.swift */; };
		C4B61CDC239716FD00DF8F74 /* Main.storyboard in Resources */ = {isa = PBXBuildFile; fileRef = C4B61CDA239716FD00DF8F74 /* Main.storyboard */; };
		C4B61CDE239716FF00DF8F74 /* Assets.xcassets in Resources */ = {isa = PBXBuildFile; fileRef = C4B61CDD239716FF00DF8F74 /* Assets.xcassets */; };
		C4B61CE1239716FF00DF8F74 /* LaunchScreen.storyboard in Resources */ = {isa = PBXBuildFile; fileRef = C4B61CDF239716FF00DF8F74 /* LaunchScreen.storyboard */; };
/* End PBXBuildFile section */

/* Begin PBXFileReference section */
		C40F43202397BEC600763F46 /* Pregunta.swift */ = {isa = PBXFileReference; lastKnownFileType = sourcecode.swift; path = Pregunta.swift; sourceTree = "<group>"; };
		C40F43222397C55C00763F46 /* PreguntasFactory.swift */ = {isa = PBXFileReference; lastKnownFileType = sourcecode.swift; path = PreguntasFactory.swift; sourceTree = "<group>"; };
		C40F43262397E87C00763F46 /* QuizApp-Bridging-Header.h */ = {isa = PBXFileReference; lastKnownFileType = sourcecode.c.h; path = "QuizApp-Bridging-Header.h"; sourceTree = "<group>"; };
		C40F43272397E87C00763F46 /* ProgressHUD.h */ = {isa = PBXFileReference; fileEncoding = 4; lastKnownFileType = sourcecode.c.h; path = ProgressHUD.h; sourceTree = "<group>"; };
		C40F43282397E87D00763F46 /* ProgressHUD.m */ = {isa = PBXFileReference; fileEncoding = 4; lastKnownFileType = sourcecode.c.objc; path = ProgressHUD.m; sourceTree = "<group>"; };
		C40F43292397E87D00763F46 /* ProgressHUD.bundle */ = {isa = PBXFileReference; lastKnownFileType = "wrapper.plug-in"; path = ProgressHUD.bundle; sourceTree = "<group>"; };
		C40F432D2397EB1500763F46 /* Base */ = {isa = PBXFileReference; lastKnownFileType = text.plist.xml; name = Base; path = Base.lproj/QuestionsBank.plist; sourceTree = "<group>"; };
		C40F432F2397EB3300763F46 /* en */ = {isa = PBXFileReference; lastKnownFileType = text.plist.xml; name = en; path = en.lproj/QuestionsBank.plist; sourceTree = "<group>"; };
		C4509A962397B32500EC91BD /* Extensions.swift */ = {isa = PBXFileReference; fileEncoding = 4; lastKnownFileType = sourcecode.swift; path = Extensions.swift; sourceTree = "<group>"; };
		C4B61CD1239716FD00DF8F74 /* QuizApp.app */ = {isa = PBXFileReference; explicitFileType = wrapper.application; includeInIndex = 0; path = QuizApp.app; sourceTree = BUILT_PRODUCTS_DIR; };
		C4B61CD4239716FD00DF8F74 /* AppDelegate.swift */ = {isa = PBXFileReference; lastKnownFileType = sourcecode.swift; path = AppDelegate.swift; sourceTree = "<group>"; };
		C4B61CD6239716FD00DF8F74 /* SceneDelegate.swift */ = {isa = PBXFileReference; lastKnownFileType = sourcecode.swift; path = SceneDelegate.swift; sourceTree = "<group>"; };
		C4B61CD8239716FD00DF8F74 /* ViewController.swift */ = {isa = PBXFileReference; lastKnownFileType = sourcecode.swift; path = ViewController.swift; sourceTree = "<group>"; };
		C4B61CDB239716FD00DF8F74 /* Base */ = {isa = PBXFileReference; lastKnownFileType = file.storyboard; name = Base; path = Base.lproj/Main.storyboard; sourceTree = "<group>"; };
		C4B61CDD239716FF00DF8F74 /* Assets.xcassets */ = {isa = PBXFileReference; lastKnownFileType = folder.assetcatalog; path = Assets.xcassets; sourceTree = "<group>"; };
		C4B61CE0239716FF00DF8F74 /* Base */ = {isa = PBXFileReference; lastKnownFileType = file.storyboard; name = Base; path = Base.lproj/LaunchScreen.storyboard; sourceTree = "<group>"; };
		C4B61CE2239716FF00DF8F74 /* Info.plist */ = {isa = PBXFileReference; lastKnownFileType = text.plist.xml; path = Info.plist; sourceTree = "<group>"; };
/* End PBXFileReference section */

/* Begin PBXFrameworksBuildPhase section */
		C4B61CCE239716FD00DF8F74 /* Frameworks */ = {
			isa = PBXFrameworksBuildPhase;
			buildActionMask = 2147483647;
			files = (
			);
			runOnlyForDeploymentPostprocessing = 0;
		};
/* End PBXFrameworksBuildPhase section */

/* Begin PBXGroup section */
		C4509A932397B09000EC91BD /* Modelo */ = {
			isa = PBXGroup;
			children = (
				C40F43202397BEC600763F46 /* Pregunta.swift */,
				C40F43222397C55C00763F46 /* PreguntasFactory.swift */,
			);
			path = Modelo;
			sourceTree = "<group>";
		};
		C4509A942397B09E00EC91BD /* Controller */ = {
			isa = PBXGroup;
			children = (
				C4B61CD4239716FD00DF8F74 /* AppDelegate.swift */,
				C4B61CD8239716FD00DF8F74 /* ViewController.swift */,
			);
			path = Controller;
			sourceTree = "<group>";
		};
		C4509A952397B0A500EC91BD /* View */ = {
			isa = PBXGroup;
			children = (
				C4B61CDA239716FD00DF8F74 /* Main.storyboard */,
				C4509A962397B32500EC91BD /* Extensions.swift */,
				C4B61CDD239716FF00DF8F74 /* Assets.xcassets */,
			);
			path = View;
			sourceTree = "<group>";
		};
		C4B61CC8239716FD00DF8F74 = {
			isa = PBXGroup;
			children = (
				C4B61CD3239716FD00DF8F74 /* QuizApp */,
				C4B61CD2239716FD00DF8F74 /* Products */,
			);
			sourceTree = "<group>";
		};
		C4B61CD2239716FD00DF8F74 /* Products */ = {
			isa = PBXGroup;
			children = (
				C4B61CD1239716FD00DF8F74 /* QuizApp.app */,
			);
			name = Products;
			sourceTree = "<group>";
		};
		C4B61CD3239716FD00DF8F74 /* QuizApp */ = {
			isa = PBXGroup;
			children = (
				C4509A942397B09E00EC91BD /* Controller */,
				C4509A932397B09000EC91BD /* Modelo */,
				C4509A952397B0A500EC91BD /* View */,
				C4B61CD6239716FD00DF8F74 /* SceneDelegate.swift */,
				C4B61CDF239716FF00DF8F74 /* LaunchScreen.storyboard */,
				C4B61CE2239716FF00DF8F74 /* Info.plist */,
				C40F432E2397EB1500763F46 /* QuestionsBank.plist */,
				C40F43292397E87D00763F46 /* ProgressHUD.bundle */,
				C40F43272397E87C00763F46 /* ProgressHUD.h */,
				C40F43282397E87D00763F46 /* ProgressHUD.m */,
				C40F43262397E87C00763F46 /* QuizApp-Bridging-Header.h */,
			);
			path = QuizApp;
			sourceTree = "<group>";
		};
/* End PBXGroup section */

/* Begin PBXNativeTarget section */
		C4B61CD0239716FD00DF8F74 /* QuizApp */ = {
			isa = PBXNativeTarget;
			buildConfigurationList = C4B61CE5239716FF00DF8F74 /* Build configuration list for PBXNativeTarget "QuizApp" */;
			buildPhases = (
				C4B61CCD239716FD00DF8F74 /* Sources */,
				C4B61CCE239716FD00DF8F74 /* Frameworks */,
				C4B61CCF239716FD00DF8F74 /* Resources */,
			);
			buildRules = (
			);
			dependencies = (
			);
			name = QuizApp;
			productName = QuizApp;
			productReference = C4B61CD1239716FD00DF8F74 /* QuizApp.app */;
			productType = "com.apple.product-type.application";
		};
/* End PBXNativeTarget section */

/* Begin PBXProject section */
		C4B61CC9239716FD00DF8F74 /* Project object */ = {
			isa = PBXProject;
			attributes = {
				LastSwiftUpdateCheck = 1120;
				LastUpgradeCheck = 1120;
				ORGANIZATIONNAME = "Raúl ";
				TargetAttributes = {
					C4B61CD0239716FD00DF8F74 = {
						CreatedOnToolsVersion = 11.2.1;
						LastSwiftMigration = 1120;
					};
				};
			};
			buildConfigurationList = C4B61CCC239716FD00DF8F74 /* Build configuration list for PBXProject "QuizApp" */;
			compatibilityVersion = "Xcode 9.3";
			developmentRegion = en;
			hasScannedForEncodings = 0;
			knownRegions = (
				en,
				Base,
			);
			mainGroup = C4B61CC8239716FD00DF8F74;
			productRefGroup = C4B61CD2239716FD00DF8F74 /* Products */;
			projectDirPath = "";
			projectRoot = "";
			targets = (
				C4B61CD0239716FD00DF8F74 /* QuizApp */,
			);
		};
/* End PBXProject section */

/* Begin PBXResourcesBuildPhase section */
		C4B61CCF239716FD00DF8F74 /* Resources */ = {
			isa = PBXResourcesBuildPhase;
			buildActionMask = 2147483647;
			files = (
				C40F432C2397EB1500763F46 /* QuestionsBank.plist in Resources */,
				C4B61CE1239716FF00DF8F74 /* LaunchScreen.storyboard in Resources */,
				C4B61CDE239716FF00DF8F74 /* Assets.xcassets in Resources */,
				C40F432B2397E87D00763F46 /* ProgressHUD.bundle in Resources */,
				C4B61CDC239716FD00DF8F74 /* Main.storyboard in Resources */,
			);
			runOnlyForDeploymentPostprocessing = 0;
		};
/* End PBXResourcesBuildPhase section */

/* Begin PBXSourcesBuildPhase section */
		C4B61CCD239716FD00DF8F74 /* Sources */ = {
			isa = PBXSourcesBuildPhase;
			buildActionMask = 2147483647;
			files = (
				C4B61CD9239716FD00DF8F74 /* ViewController.swift in Sources */,
				C4B61CD5239716FD00DF8F74 /* AppDelegate.swift in Sources */,
				C40F43232397C55C00763F46 /* PreguntasFactory.swift in Sources */,
				C40F432A2397E87D00763F46 /* ProgressHUD.m in Sources */,
				C40F43212397BEC600763F46 /* Pregunta.swift in Sources */,
				C4B61CD7239716FD00DF8F74 /* SceneDelegate.swift in Sources */,
				C4509A972397B32600EC91BD /* Extensions.swift in Sources */,
			);
			runOnlyForDeploymentPostprocessing = 0;
		};
/* End PBXSourcesBuildPhase section */

/* Begin PBXVariantGroup section */
		C40F432E2397EB1500763F46 /* QuestionsBank.plist */ = {
			isa = PBXVariantGroup;
			children = (
				C40F432D2397EB1500763F46 /* Base */,
				C40F432F2397EB3300763F46 /* en */,
			);
			name = QuestionsBank.plist;
			sourceTree = "<group>";
		};
		C4B61CDA239716FD00DF8F74 /* Main.storyboard */ = {
			isa = PBXVariantGroup;
			children = (
				C4B61CDB239716FD00DF8F74 /* Base */,
			);
			name = Main.storyboard;
			sourceTree = "<group>";
		};
		C4B61CDF239716FF00DF8F74 /* LaunchScreen.storyboard */ = {
			isa = PBXVariantGroup;
			children = (
				C4B61CE0239716FF00DF8F74 /* Base */,
			);
			name = LaunchScreen.storyboard;
			sourceTree = "<group>";
		};
/* End PBXVariantGroup section */

/* Begin XCBuildConfiguration section */
		C4B61CE3239716FF00DF8F74 /* Debug */ = {
			isa = XCBuildConfiguration;
			buildSettings = {
				ALWAYS_SEARCH_USER_PATHS = NO;
				CLANG_ANALYZER_NONNULL = YES;
				CLANG_ANALYZER_NUMBER_OBJECT_CONVERSION = YES_AGGRESSIVE;
				CLANG_CXX_LANGUAGE_STANDARD = "gnu++14";
				CLANG_CXX_LIBRARY = "libc++";
				CLANG_ENABLE_MODULES = YES;
				CLANG_ENABLE_OBJC_ARC = YES;
				CLANG_ENABLE_OBJC_WEAK = YES;
				CLANG_WARN_BLOCK_CAPTURE_AUTORELEASING = YES;
				CLANG_WARN_BOOL_CONVERSION = YES;
				CLANG_WARN_COMMA = YES;
				CLANG_WARN_CONSTANT_CONVERSION = YES;
				CLANG_WARN_DEPRECATED_OBJC_IMPLEMENTATIONS = YES;
				CLANG_WARN_DIRECT_OBJC_ISA_USAGE = YES_ERROR;
				CLANG_WARN_DOCUMENTATION_COMMENTS = YES;
				CLANG_WARN_EMPTY_BODY = YES;
				CLANG_WARN_ENUM_CONVERSION = YES;
				CLANG_WARN_INFINITE_RECURSION = YES;
				CLANG_WARN_INT_CONVERSION = YES;
				CLANG_WARN_NON_LITERAL_NULL_CONVERSION = YES;
				CLANG_WARN_OBJC_IMPLICIT_RETAIN_SELF = YES;
				CLANG_WARN_OBJC_LITERAL_CONVERSION = YES;
				CLANG_WARN_OBJC_ROOT_CLASS = YES_ERROR;
				CLANG_WARN_RANGE_LOOP_ANALYSIS = YES;
				CLANG_WARN_STRICT_PROTOTYPES = YES;
				CLANG_WARN_SUSPICIOUS_MOVE = YES;
				CLANG_WARN_UNGUARDED_AVAILABILITY = YES_AGGRESSIVE;
				CLANG_WARN_UNREACHABLE_CODE = YES;
				CLANG_WARN__DUPLICATE_METHOD_MATCH = YES;
				COPY_PHASE_STRIP = NO;
				DEBUG_INFORMATION_FORMAT = dwarf;
				ENABLE_STRICT_OBJC_MSGSEND = YES;
				ENABLE_TESTABILITY = YES;
				GCC_C_LANGUAGE_STANDARD = gnu11;
				GCC_DYNAMIC_NO_PIC = NO;
				GCC_NO_COMMON_BLOCKS = YES;
				GCC_OPTIMIZATION_LEVEL = 0;
				GCC_PREPROCESSOR_DEFINITIONS = (
					"DEBUG=1",
					"$(inherited)",
				);
				GCC_WARN_64_TO_32_BIT_CONVERSION = YES;
				GCC_WARN_ABOUT_RETURN_TYPE = YES_ERROR;
				GCC_WARN_UNDECLARED_SELECTOR = YES;
				GCC_WARN_UNINITIALIZED_AUTOS = YES_AGGRESSIVE;
				GCC_WARN_UNUSED_FUNCTION = YES;
				GCC_WARN_UNUSED_VARIABLE = YES;
				IPHONEOS_DEPLOYMENT_TARGET = 13.2;
				MTL_ENABLE_DEBUG_INFO = INCLUDE_SOURCE;
				MTL_FAST_MATH = YES;
				ONLY_ACTIVE_ARCH = YES;
				SDKROOT = iphoneos;
				SWIFT_ACTIVE_COMPILATION_CONDITIONS = DEBUG;
				SWIFT_OPTIMIZATION_LEVEL = "-Onone";
			};
			name = Debug;
		};
		C4B61CE4239716FF00DF8F74 /* Release */ = {
			isa = XCBuildConfiguration;
			buildSettings = {
				ALWAYS_SEARCH_USER_PATHS = NO;
				CLANG_ANALYZER_NONNULL = YES;
				CLANG_ANALYZER_NUMBER_OBJECT_CONVERSION = YES_AGGRESSIVE;
				CLANG_CXX_LANGUAGE_STANDARD = "gnu++14";
				CLANG_CXX_LIBRARY = "libc++";
				CLANG_ENABLE_MODULES = YES;
				CLANG_ENABLE_OBJC_ARC = YES;
				CLANG_ENABLE_OBJC_WEAK = YES;
				CLANG_WARN_BLOCK_CAPTURE_AUTORELEASING = YES;
				CLANG_WARN_BOOL_CONVERSION = YES;
				CLANG_WARN_COMMA = YES;
				CLANG_WARN_CONSTANT_CONVERSION = YES;
				CLANG_WARN_DEPRECATED_OBJC_IMPLEMENTATIONS = YES;
				CLANG_WARN_DIRECT_OBJC_ISA_USAGE = YES_ERROR;
				CLANG_WARN_DOCUMENTATION_COMMENTS = YES;
				CLANG_WARN_EMPTY_BODY = YES;
				CLANG_WARN_ENUM_CONVERSION = YES;
				CLANG_WARN_INFINITE_RECURSION = YES;
				CLANG_WARN_INT_CONVERSION = YES;
				CLANG_WARN_NON_LITERAL_NULL_CONVERSION = YES;
				CLANG_WARN_OBJC_IMPLICIT_RETAIN_SELF = YES;
				CLANG_WARN_OBJC_LITERAL_CONVERSION = YES;
				CLANG_WARN_OBJC_ROOT_CLASS = YES_ERROR;
				CLANG_WARN_RANGE_LOOP_ANALYSIS = YES;
				CLANG_WARN_STRICT_PROTOTYPES = YES;
				CLANG_WARN_SUSPICIOUS_MOVE = YES;
				CLANG_WARN_UNGUARDED_AVAILABILITY = YES_AGGRESSIVE;
				CLANG_WARN_UNREACHABLE_CODE = YES;
				CLANG_WARN__DUPLICATE_METHOD_MATCH = YES;
				COPY_PHASE_STRIP = NO;
				DEBUG_INFORMATION_FORMAT = "dwarf-with-dsym";
				ENABLE_NS_ASSERTIONS = NO;
				ENABLE_STRICT_OBJC_MSGSEND = YES;
				GCC_C_LANGUAGE_STANDARD = gnu11;
				GCC_NO_COMMON_BLOCKS = YES;
				GCC_WARN_64_TO_32_BIT_CONVERSION = YES;
				GCC_WARN_ABOUT_RETURN_TYPE = YES_ERROR;
				GCC_WARN_UNDECLARED_SELECTOR = YES;
				GCC_WARN_UNINITIALIZED_AUTOS = YES_AGGRESSIVE;
				GCC_WARN_UNUSED_FUNCTION = YES;
				GCC_WARN_UNUSED_VARIABLE = YES;
				IPHONEOS_DEPLOYMENT_TARGET = 13.2;
				MTL_ENABLE_DEBUG_INFO = NO;
				MTL_FAST_MATH = YES;
				SDKROOT = iphoneos;
				SWIFT_COMPILATION_MODE = wholemodule;
				SWIFT_OPTIMIZATION_LEVEL = "-O";
				VALIDATE_PRODUCT = YES;
			};
			name = Release;
		};
		C4B61CE6239716FF00DF8F74 /* Debug */ = {
			isa = XCBuildConfiguration;
			buildSettings = {
				ASSETCATALOG_COMPILER_APPICON_NAME = AppIcon;
				CLANG_ENABLE_MODULES = YES;
				CODE_SIGN_STYLE = Automatic;
				DEVELOPMENT_TEAM = 65ZM5Z62U6;
				INFOPLIST_FILE = QuizApp/Info.plist;
				LD_RUNPATH_SEARCH_PATHS = (
					"$(inherited)",
					"@executable_path/Frameworks",
				);
				PRODUCT_BUNDLE_IDENTIFIER = com.srraul94.QuizApp;
				PRODUCT_NAME = "$(TARGET_NAME)";
				SWIFT_OBJC_BRIDGING_HEADER = "QuizApp/QuizApp-Bridging-Header.h";
				SWIFT_OPTIMIZATION_LEVEL = "-Onone";
				SWIFT_VERSION = 5.0;
				TARGETED_DEVICE_FAMILY = "1,2";
			};
			name = Debug;
		};
		C4B61CE7239716FF00DF8F74 /* Release */ = {
			isa = XCBuildConfiguration;
			buildSettings = {
				ASSETCATALOG_COMPILER_APPICON_NAME = AppIcon;
				CLANG_ENABLE_MODULES = YES;
				CODE_SIGN_STYLE = Automatic;
				DEVELOPMENT_TEAM = 65ZM5Z62U6;
				INFOPLIST_FILE = QuizApp/Info.plist;
				LD_RUNPATH_SEARCH_PATHS = (
					"$(inherited)",
					"@executable_path/Frameworks",
				);
				PRODUCT_BUNDLE_IDENTIFIER = com.srraul94.QuizApp;
				PRODUCT_NAME = "$(TARGET_NAME)";
				SWIFT_OBJC_BRIDGING_HEADER = "QuizApp/QuizApp-Bridging-Header.h";
				SWIFT_VERSION = 5.0;
				TARGETED_DEVICE_FAMILY = "1,2";
			};
			name = Release;
		};
/* End XCBuildConfiguration section */

/* Begin XCConfigurationList section */
		C4B61CCC239716FD00DF8F74 /* Build configuration list for PBXProject "QuizApp" */ = {
			isa = XCConfigurationList;
			buildConfigurations = (
				C4B61CE3239716FF00DF8F74 /* Debug */,
				C4B61CE4239716FF00DF8F74 /* Release */,
			);
			defaultConfigurationIsVisible = 0;
			defaultConfigurationName = Release;
		};
		C4B61CE5239716FF00DF8F74 /* Build configuration list for PBXNativeTarget "QuizApp" */ = {
			isa = XCConfigurationList;
			buildConfigurations = (
				C4B61CE6239716FF00DF8F74 /* Debug */,
				C4B61CE7239716FF00DF8F74 /* Release */,
			);
			defaultConfigurationIsVisible = 0;
			defaultConfigurationName = Release;
		};
/* End XCConfigurationList section */
	};
	rootObject = C4B61CC9239716FD00DF8F74 /* Project object */;
}
