// !$*UTF8*$!
{
	archiveVersion = 1;
	classes = {
	};
	objectVersion = 52;
	objects = {

/* Begin PBXBuildFile section */
		C441DDCC238868880062E6A3 /* AppDelegate.swift in Sources */ = {isa = PBXBuildFile; fileRef = C441DDCB238868880062E6A3 /* AppDelegate.swift */; };
		C441DDCE238868880062E6A3 /* SceneDelegate.swift in Sources */ = {isa = PBXBuildFile; fileRef = C441DDCD238868880062E6A3 /* SceneDelegate.swift */; };
		C441DDD0238868880062E6A3 /* ViewController.swift in Sources */ = {isa = PBXBuildFile; fileRef = C441DDCF238868880062E6A3 /* ViewController.swift */; };
		C441DDD3238868880062E6A3 /* Main.storyboard in Resources */ = {isa = PBXBuildFile; fileRef = C441DDD1238868880062E6A3 /* Main.storyboard */; };
		C441DDD5238868890062E6A3 /* Assets.xcassets in Resources */ = {isa = PBXBuildFile; fileRef = C441DDD4238868890062E6A3 /* Assets.xcassets */; };
		C441DDD8238868890062E6A3 /* LaunchScreen.storyboard in Resources */ = {isa = PBXBuildFile; fileRef = C441DDD6238868890062E6A3 /* LaunchScreen.storyboard */; };
/* End PBXBuildFile section */

/* Begin PBXFileReference section */
		C441DDC8238868880062E6A3 /* iAmRich.app */ = {isa = PBXFileReference; explicitFileType = wrapper.application; includeInIndex = 0; path = iAmRich.app; sourceTree = BUILT_PRODUCTS_DIR; };
		C441DDCB238868880062E6A3 /* AppDelegate.swift */ = {isa = PBXFileReference; lastKnownFileType = sourcecode.swift; path = AppDelegate.swift; sourceTree = "<group>"; };
		C441DDCD238868880062E6A3 /* SceneDelegate.swift */ = {isa = PBXFileReference; lastKnownFileType = sourcecode.swift; path = SceneDelegate.swift; sourceTree = "<group>"; };
		C441DDCF238868880062E6A3 /* ViewController.swift */ = {isa = PBXFileReference; lastKnownFileType = sourcecode.swift; path = ViewController.swift; sourceTree = "<group>"; };
		C441DDD2238868880062E6A3 /* Base */ = {isa = PBXFileReference; lastKnownFileType = file.storyboard; name = Base; path = Base.lproj/Main.storyboard; sourceTree = "<group>"; };
		C441DDD4238868890062E6A3 /* Assets.xcassets */ = {isa = PBXFileReference; lastKnownFileType = folder.assetcatalog; path = Assets.xcassets; sourceTree = "<group>"; };
		C441DDD7238868890062E6A3 /* Base */ = {isa = PBXFileReference; lastKnownFileType = file.storyboard; name = Base; path = Base.lproj/LaunchScreen.storyboard; sourceTree = "<group>"; };
		C441DDD9238868890062E6A3 /* Info.plist */ = {isa = PBXFileReference; lastKnownFileType = text.plist.xml; path = Info.plist; sourceTree = "<group>"; };
/* End PBXFileReference section */

/* Begin PBXFrameworksBuildPhase section */
		C441DDC5238868880062E6A3 /* Frameworks */ = {
			isa = PBXFrameworksBuildPhase;
			buildActionMask = 2147483647;
			files = (
			);
			runOnlyForDeploymentPostprocessing = 0;
		};
/* End PBXFrameworksBuildPhase section */

/* Begin PBXGroup section */
		C441DDBF238868880062E6A3 = {
			isa = PBXGroup;
			children = (
				C441DDCA238868880062E6A3 /* iAmRich */,
				C441DDC9238868880062E6A3 /* Products */,
			);
			sourceTree = "<group>";
		};
		C441DDC9238868880062E6A3 /* Products */ = {
			isa = PBXGroup;
			children = (
				C441DDC8238868880062E6A3 /* iAmRich.app */,
			);
			name = Products;
			sourceTree = "<group>";
		};
		C441DDCA238868880062E6A3 /* iAmRich */ = {
			isa = PBXGroup;
			children = (
				C441DDCB238868880062E6A3 /* AppDelegate.swift */,
				C441DDE023886BBA0062E6A3 /* Controller */,
				C441DDDF23886B870062E6A3 /* Storyboard */,
				C441DDD4238868890062E6A3 /* Assets.xcassets */,
				C441DDD9238868890062E6A3 /* Info.plist */,
			);
			path = iAmRich;
			sourceTree = "<group>";
		};
		C441DDDF23886B870062E6A3 /* Storyboard */ = {
			isa = PBXGroup;
			children = (
				C441DDCD238868880062E6A3 /* SceneDelegate.swift */,
				C441DDD6238868890062E6A3 /* LaunchScreen.storyboard */,
				C441DDD1238868880062E6A3 /* Main.storyboard */,
			);
			path = Storyboard;
			sourceTree = "<group>";
		};
		C441DDE023886BBA0062E6A3 /* Controller */ = {
			isa = PBXGroup;
			children = (
				C441DDCF238868880062E6A3 /* ViewController.swift */,
			);
			path = Controller;
			sourceTree = "<group>";
		};
/* End PBXGroup section */

/* Begin PBXNativeTarget section */
		C441DDC7238868880062E6A3 /* iAmRich */ = {
			isa = PBXNativeTarget;
			buildConfigurationList = C441DDDC238868890062E6A3 /* Build configuration list for PBXNativeTarget "iAmRich" */;
			buildPhases = (
				C441DDC4238868880062E6A3 /* Sources */,
				C441DDC5238868880062E6A3 /* Frameworks */,
				C441DDC6238868880062E6A3 /* Resources */,
			);
			buildRules = (
			);
			dependencies = (
			);
			name = iAmRich;
			productName = iAmRich;
			productReference = C441DDC8238868880062E6A3 /* iAmRich.app */;
			productType = "com.apple.product-type.application";
		};
/* End PBXNativeTarget section */

/* Begin PBXProject section */
		C441DDC0238868880062E6A3 /* Project object */ = {
			isa = PBXProject;
			attributes = {
				LastSwiftUpdateCheck = 1120;
				LastUpgradeCheck = 1120;
				ORGANIZATIONNAME = "Raúl ";
				TargetAttributes = {
					C441DDC7238868880062E6A3 = {
						CreatedOnToolsVersion = 11.2.1;
					};
				};
			};
			buildConfigurationList = C441DDC3238868880062E6A3 /* Build configuration list for PBXProject "iAmRich" */;
			compatibilityVersion = "Xcode 11.0";
			developmentRegion = en;
			hasScannedForEncodings = 0;
			knownRegions = (
				en,
				Base,
			);
			mainGroup = C441DDBF238868880062E6A3;
			productRefGroup = C441DDC9238868880062E6A3 /* Products */;
			projectDirPath = "";
			projectRoot = "";
			targets = (
				C441DDC7238868880062E6A3 /* iAmRich */,
			);
		};
/* End PBXProject section */

/* Begin PBXResourcesBuildPhase section */
		C441DDC6238868880062E6A3 /* Resources */ = {
			isa = PBXResourcesBuildPhase;
			buildActionMask = 2147483647;
			files = (
				C441DDD8238868890062E6A3 /* LaunchScreen.storyboard in Resources */,
				C441DDD5238868890062E6A3 /* Assets.xcassets in Resources */,
				C441DDD3238868880062E6A3 /* Main.storyboard in Resources */,
			);
			runOnlyForDeploymentPostprocessing = 0;
		};
/* End PBXResourcesBuildPhase section */

/* Begin PBXSourcesBuildPhase section */
		C441DDC4238868880062E6A3 /* Sources */ = {
			isa = PBXSourcesBuildPhase;
			buildActionMask = 2147483647;
			files = (
				C441DDD0238868880062E6A3 /* ViewController.swift in Sources */,
				C441DDCC238868880062E6A3 /* AppDelegate.swift in Sources */,
				C441DDCE238868880062E6A3 /* SceneDelegate.swift in Sources */,
			);
			runOnlyForDeploymentPostprocessing = 0;
		};
/* End PBXSourcesBuildPhase section */

/* Begin PBXVariantGroup section */
		C441DDD1238868880062E6A3 /* Main.storyboard */ = {
			isa = PBXVariantGroup;
			children = (
				C441DDD2238868880062E6A3 /* Base */,
			);
			name = Main.storyboard;
			sourceTree = "<group>";
		};
		C441DDD6238868890062E6A3 /* LaunchScreen.storyboard */ = {
			isa = PBXVariantGroup;
			children = (
				C441DDD7238868890062E6A3 /* Base */,
			);
			name = LaunchScreen.storyboard;
			sourceTree = "<group>";
		};
/* End PBXVariantGroup section */

/* Begin XCBuildConfiguration section */
		C441DDDA238868890062E6A3 /* Debug */ = {
			isa = XCBuildConfiguration;
			buildSettings = {
				ALWAYS_SEARCH_USER_PATHS = NO;
				CLANG_ANALYZER_NONNULL = YES;
				CLANG_ANALYZER_NUMBER_OBJECT_CONVERSION = YES_AGGRESSIVE;
				CLANG_CXX_LANGUAGE_STANDARD = "gnu++14";
				CLANG_CXX_LIBRARY = "libc++";
				CLANG_ENABLE_MODULES = YES;
				CLANG_ENABLE_OBJC_ARC = YES;
				CLANG_ENABLE_OBJC_WEAK = YES;
				CLANG_WARN_BLOCK_CAPTURE_AUTORELEASING = YES;
				CLANG_WARN_BOOL_CONVERSION = YES;
				CLANG_WARN_COMMA = YES;
				CLANG_WARN_CONSTANT_CONVERSION = YES;
				CLANG_WARN_DEPRECATED_OBJC_IMPLEMENTATIONS = YES;
				CLANG_WARN_DIRECT_OBJC_ISA_USAGE = YES_ERROR;
				CLANG_WARN_DOCUMENTATION_COMMENTS = YES;
				CLANG_WARN_EMPTY_BODY = YES;
				CLANG_WARN_ENUM_CONVERSION = YES;
				CLANG_WARN_INFINITE_RECURSION = YES;
				CLANG_WARN_INT_CONVERSION = YES;
				CLANG_WARN_NON_LITERAL_NULL_CONVERSION = YES;
				CLANG_WARN_OBJC_IMPLICIT_RETAIN_SELF = YES;
				CLANG_WARN_OBJC_LITERAL_CONVERSION = YES;
				CLANG_WARN_OBJC_ROOT_CLASS = YES_ERROR;
				CLANG_WARN_RANGE_LOOP_ANALYSIS = YES;
				CLANG_WARN_STRICT_PROTOTYPES = YES;
				CLANG_WARN_SUSPICIOUS_MOVE = YES;
				CLANG_WARN_UNGUARDED_AVAILABILITY = YES_AGGRESSIVE;
				CLANG_WARN_UNREACHABLE_CODE = YES;
				CLANG_WARN__DUPLICATE_METHOD_MATCH = YES;
				COPY_PHASE_STRIP = NO;
				DEBUG_INFORMATION_FORMAT = dwarf;
				ENABLE_STRICT_OBJC_MSGSEND = YES;
				ENABLE_TESTABILITY = YES;
				GCC_C_LANGUAGE_STANDARD = gnu11;
				GCC_DYNAMIC_NO_PIC = NO;
				GCC_NO_COMMON_BLOCKS = YES;
				GCC_OPTIMIZATION_LEVEL = 0;
				GCC_PREPROCESSOR_DEFINITIONS = (
					"DEBUG=1",
					"$(inherited)",
				);
				GCC_WARN_64_TO_32_BIT_CONVERSION = YES;
				GCC_WARN_ABOUT_RETURN_TYPE = YES_ERROR;
				GCC_WARN_UNDECLARED_SELECTOR = YES;
				GCC_WARN_UNINITIALIZED_AUTOS = YES_AGGRESSIVE;
				GCC_WARN_UNUSED_FUNCTION = YES;
				GCC_WARN_UNUSED_VARIABLE = YES;
				IPHONEOS_DEPLOYMENT_TARGET = 13.2;
				MTL_ENABLE_DEBUG_INFO = INCLUDE_SOURCE;
				MTL_FAST_MATH = YES;
				ONLY_ACTIVE_ARCH = YES;
				SDKROOT = iphoneos;
				SWIFT_ACTIVE_COMPILATION_CONDITIONS = DEBUG;
				SWIFT_OPTIMIZATION_LEVEL = "-Onone";
			};
			name = Debug;
		};
		C441DDDB238868890062E6A3 /* Release */ = {
			isa = XCBuildConfiguration;
			buildSettings = {
				ALWAYS_SEARCH_USER_PATHS = NO;
				CLANG_ANALYZER_NONNULL = YES;
				CLANG_ANALYZER_NUMBER_OBJECT_CONVERSION = YES_AGGRESSIVE;
				CLANG_CXX_LANGUAGE_STANDARD = "gnu++14";
				CLANG_CXX_LIBRARY = "libc++";
				CLANG_ENABLE_MODULES = YES;
				CLANG_ENABLE_OBJC_ARC = YES;
				CLANG_ENABLE_OBJC_WEAK = YES;
				CLANG_WARN_BLOCK_CAPTURE_AUTORELEASING = YES;
				CLANG_WARN_BOOL_CONVERSION = YES;
				CLANG_WARN_COMMA = YES;
				CLANG_WARN_CONSTANT_CONVERSION = YES;
				CLANG_WARN_DEPRECATED_OBJC_IMPLEMENTATIONS = YES;
				CLANG_WARN_DIRECT_OBJC_ISA_USAGE = YES_ERROR;
				CLANG_WARN_DOCUMENTATION_COMMENTS = YES;
				CLANG_WARN_EMPTY_BODY = YES;
				CLANG_WARN_ENUM_CONVERSION = YES;
				CLANG_WARN_INFINITE_RECURSION = YES;
				CLANG_WARN_INT_CONVERSION = YES;
				CLANG_WARN_NON_LITERAL_NULL_CONVERSION = YES;
				CLANG_WARN_OBJC_IMPLICIT_RETAIN_SELF = YES;
				CLANG_WARN_OBJC_LITERAL_CONVERSION = YES;
				CLANG_WARN_OBJC_ROOT_CLASS = YES_ERROR;
				CLANG_WARN_RANGE_LOOP_ANALYSIS = YES;
				CLANG_WARN_STRICT_PROTOTYPES = YES;
				CLANG_WARN_SUSPICIOUS_MOVE = YES;
				CLANG_WARN_UNGUARDED_AVAILABILITY = YES_AGGRESSIVE;
				CLANG_WARN_UNREACHABLE_CODE = YES;
				CLANG_WARN__DUPLICATE_METHOD_MATCH = YES;
				COPY_PHASE_STRIP = NO;
				DEBUG_INFORMATION_FORMAT = "dwarf-with-dsym";
				ENABLE_NS_ASSERTIONS = NO;
				ENABLE_STRICT_OBJC_MSGSEND = YES;
				GCC_C_LANGUAGE_STANDARD = gnu11;
				GCC_NO_COMMON_BLOCKS = YES;
				GCC_WARN_64_TO_32_BIT_CONVERSION = YES;
				GCC_WARN_ABOUT_RETURN_TYPE = YES_ERROR;
				GCC_WARN_UNDECLARED_SELECTOR = YES;
				GCC_WARN_UNINITIALIZED_AUTOS = YES_AGGRESSIVE;
				GCC_WARN_UNUSED_FUNCTION = YES;
				GCC_WARN_UNUSED_VARIABLE = YES;
				IPHONEOS_DEPLOYMENT_TARGET = 13.2;
				MTL_ENABLE_DEBUG_INFO = NO;
				MTL_FAST_MATH = YES;
				SDKROOT = iphoneos;
				SWIFT_COMPILATION_MODE = wholemodule;
				SWIFT_OPTIMIZATION_LEVEL = "-O";
				VALIDATE_PRODUCT = YES;
			};
			name = Release;
		};
		C441DDDD238868890062E6A3 /* Debug */ = {
			isa = XCBuildConfiguration;
			buildSettings = {
				ASSETCATALOG_COMPILER_APPICON_NAME = AppIcon;
				CODE_SIGN_STYLE = Automatic;
				DEVELOPMENT_TEAM = 65ZM5Z62U6;
				INFOPLIST_FILE = iAmRich/Info.plist;
				LD_RUNPATH_SEARCH_PATHS = (
					"$(inherited)",
					"@executable_path/Frameworks",
				);
				PRODUCT_BUNDLE_IDENTIFIER = com.srraul94.iAmRich;
				PRODUCT_NAME = "$(TARGET_NAME)";
				SWIFT_VERSION = 5.0;
				TARGETED_DEVICE_FAMILY = 1;
			};
			name = Debug;
		};
		C441DDDE238868890062E6A3 /* Release */ = {
			isa = XCBuildConfiguration;
			buildSettings = {
				ASSETCATALOG_COMPILER_APPICON_NAME = AppIcon;
				CODE_SIGN_STYLE = Automatic;
				DEVELOPMENT_TEAM = 65ZM5Z62U6;
				INFOPLIST_FILE = iAmRich/Info.plist;
				LD_RUNPATH_SEARCH_PATHS = (
					"$(inherited)",
					"@executable_path/Frameworks",
				);
				PRODUCT_BUNDLE_IDENTIFIER = com.srraul94.iAmRich;
				PRODUCT_NAME = "$(TARGET_NAME)";
				SWIFT_VERSION = 5.0;
				TARGETED_DEVICE_FAMILY = 1;
			};
			name = Release;
		};
/* End XCBuildConfiguration section */

/* Begin XCConfigurationList section */
		C441DDC3238868880062E6A3 /* Build configuration list for PBXProject "iAmRich" */ = {
			isa = XCConfigurationList;
			buildConfigurations = (
				C441DDDA238868890062E6A3 /* Debug */,
				C441DDDB238868890062E6A3 /* Release */,
			);
			defaultConfigurationIsVisible = 0;
			defaultConfigurationName = Release;
		};
		C441DDDC238868890062E6A3 /* Build configuration list for PBXNativeTarget "iAmRich" */ = {
			isa = XCConfigurationList;
			buildConfigurations = (
				C441DDDD238868890062E6A3 /* Debug */,
				C441DDDE238868890062E6A3 /* Release */,
			);
			defaultConfigurationIsVisible = 0;
			defaultConfigurationName = Release;
		};
/* End XCConfigurationList section */
	};
	rootObject = C441DDC0238868880062E6A3 /* Project object */;
}
