// !$*UTF8*$!
{
	archiveVersion = 1;
	classes = {
	};
	objectVersion = 50;
	objects = {

/* Begin PBXBuildFile section */
		C411A0252396902400E58155 /* AppDelegate.swift in Sources */ = {isa = PBXBuildFile; fileRef = C411A0242396902400E58155 /* AppDelegate.swift */; };
		C411A0272396902400E58155 /* SceneDelegate.swift in Sources */ = {isa = PBXBuildFile; fileRef = C411A0262396902400E58155 /* SceneDelegate.swift */; };
		C411A0292396902400E58155 /* ViewController.swift in Sources */ = {isa = PBXBuildFile; fileRef = C411A0282396902400E58155 /* ViewController.swift */; };
		C411A02C2396902400E58155 /* Main.storyboard in Resources */ = {isa = PBXBuildFile; fileRef = C411A02A2396902400E58155 /* Main.storyboard */; };
		C411A02E2396902700E58155 /* Assets.xcassets in Resources */ = {isa = PBXBuildFile; fileRef = C411A02D2396902700E58155 /* Assets.xcassets */; };
		C411A0312396902700E58155 /* LaunchScreen.storyboard in Resources */ = {isa = PBXBuildFile; fileRef = C411A02F2396902700E58155 /* LaunchScreen.storyboard */; };
		C46F29792396BFD0001F2652 /* Extensiones.swift in Sources */ = {isa = PBXBuildFile; fileRef = C46F29782396BFD0001F2652 /* Extensiones.swift */; };
		C46F29882396CE73001F2652 /* f1.mp3 in Resources */ = {isa = PBXBuildFile; fileRef = C46F297B2396CE73001F2652 /* f1.mp3 */; };
		C46F29892396CE73001F2652 /* g1.mp3 in Resources */ = {isa = PBXBuildFile; fileRef = C46F297C2396CE73001F2652 /* g1.mp3 */; };
		C46F298A2396CE73001F2652 /* a1.mp3 in Resources */ = {isa = PBXBuildFile; fileRef = C46F297D2396CE73001F2652 /* a1.mp3 */; };
		C46F298B2396CE73001F2652 /* d1.mp3 in Resources */ = {isa = PBXBuildFile; fileRef = C46F297E2396CE73001F2652 /* d1.mp3 */; };
		C46F298C2396CE73001F2652 /* c2.mp3 in Resources */ = {isa = PBXBuildFile; fileRef = C46F297F2396CE73001F2652 /* c2.mp3 */; };
		C46F298D2396CE73001F2652 /* a1s.mp3 in Resources */ = {isa = PBXBuildFile; fileRef = C46F29802396CE73001F2652 /* a1s.mp3 */; };
		C46F298E2396CE73001F2652 /* g1s.mp3 in Resources */ = {isa = PBXBuildFile; fileRef = C46F29812396CE73001F2652 /* g1s.mp3 */; };
		C46F298F2396CE73001F2652 /* b1.mp3 in Resources */ = {isa = PBXBuildFile; fileRef = C46F29822396CE73001F2652 /* b1.mp3 */; };
		C46F29902396CE73001F2652 /* d1s.mp3 in Resources */ = {isa = PBXBuildFile; fileRef = C46F29832396CE73001F2652 /* d1s.mp3 */; };
		C46F29912396CE73001F2652 /* e1.mp3 in Resources */ = {isa = PBXBuildFile; fileRef = C46F29842396CE73001F2652 /* e1.mp3 */; };
		C46F29922396CE73001F2652 /* f1s.mp3 in Resources */ = {isa = PBXBuildFile; fileRef = C46F29852396CE73001F2652 /* f1s.mp3 */; };
		C46F29932396CE73001F2652 /* c1s.mp3 in Resources */ = {isa = PBXBuildFile; fileRef = C46F29862396CE73001F2652 /* c1s.mp3 */; };
		C46F29942396CE73001F2652 /* c1.mp3 in Resources */ = {isa = PBXBuildFile; fileRef = C46F29872396CE73001F2652 /* c1.mp3 */; };
/* End PBXBuildFile section */

/* Begin PBXFileReference section */
		C411A0212396902400E58155 /* Piano.app */ = {isa = PBXFileReference; explicitFileType = wrapper.application; includeInIndex = 0; path = Piano.app; sourceTree = BUILT_PRODUCTS_DIR; };
		C411A0242396902400E58155 /* AppDelegate.swift */ = {isa = PBXFileReference; lastKnownFileType = sourcecode.swift; path = AppDelegate.swift; sourceTree = "<group>"; };
		C411A0262396902400E58155 /* SceneDelegate.swift */ = {isa = PBXFileReference; lastKnownFileType = sourcecode.swift; path = SceneDelegate.swift; sourceTree = "<group>"; };
		C411A0282396902400E58155 /* ViewController.swift */ = {isa = PBXFileReference; lastKnownFileType = sourcecode.swift; path = ViewController.swift; sourceTree = "<group>"; };
		C411A02B2396902400E58155 /* Base */ = {isa = PBXFileReference; lastKnownFileType = file.storyboard; name = Base; path = Base.lproj/Main.storyboard; sourceTree = "<group>"; };
		C411A02D2396902700E58155 /* Assets.xcassets */ = {isa = PBXFileReference; lastKnownFileType = folder.assetcatalog; path = Assets.xcassets; sourceTree = "<group>"; };
		C411A0302396902700E58155 /* Base */ = {isa = PBXFileReference; lastKnownFileType = file.storyboard; name = Base; path = Base.lproj/LaunchScreen.storyboard; sourceTree = "<group>"; };
		C411A0322396902700E58155 /* Info.plist */ = {isa = PBXFileReference; lastKnownFileType = text.plist.xml; path = Info.plist; sourceTree = "<group>"; };
		C46F29782396BFD0001F2652 /* Extensiones.swift */ = {isa = PBXFileReference; lastKnownFileType = sourcecode.swift; path = Extensiones.swift; sourceTree = "<group>"; };
		C46F297B2396CE73001F2652 /* f1.mp3 */ = {isa = PBXFileReference; lastKnownFileType = audio.mp3; path = f1.mp3; sourceTree = "<group>"; };
		C46F297C2396CE73001F2652 /* g1.mp3 */ = {isa = PBXFileReference; lastKnownFileType = audio.mp3; path = g1.mp3; sourceTree = "<group>"; };
		C46F297D2396CE73001F2652 /* a1.mp3 */ = {isa = PBXFileReference; lastKnownFileType = audio.mp3; path = a1.mp3; sourceTree = "<group>"; };
		C46F297E2396CE73001F2652 /* d1.mp3 */ = {isa = PBXFileReference; lastKnownFileType = audio.mp3; path = d1.mp3; sourceTree = "<group>"; };
		C46F297F2396CE73001F2652 /* c2.mp3 */ = {isa = PBXFileReference; lastKnownFileType = audio.mp3; path = c2.mp3; sourceTree = "<group>"; };
		C46F29802396CE73001F2652 /* a1s.mp3 */ = {isa = PBXFileReference; lastKnownFileType = audio.mp3; path = a1s.mp3; sourceTree = "<group>"; };
		C46F29812396CE73001F2652 /* g1s.mp3 */ = {isa = PBXFileReference; lastKnownFileType = audio.mp3; path = g1s.mp3; sourceTree = "<group>"; };
		C46F29822396CE73001F2652 /* b1.mp3 */ = {isa = PBXFileReference; lastKnownFileType = audio.mp3; path = b1.mp3; sourceTree = "<group>"; };
		C46F29832396CE73001F2652 /* d1s.mp3 */ = {isa = PBXFileReference; lastKnownFileType = audio.mp3; path = d1s.mp3; sourceTree = "<group>"; };
		C46F29842396CE73001F2652 /* e1.mp3 */ = {isa = PBXFileReference; lastKnownFileType = audio.mp3; path = e1.mp3; sourceTree = "<group>"; };
		C46F29852396CE73001F2652 /* f1s.mp3 */ = {isa = PBXFileReference; lastKnownFileType = audio.mp3; path = f1s.mp3; sourceTree = "<group>"; };
		C46F29862396CE73001F2652 /* c1s.mp3 */ = {isa = PBXFileReference; lastKnownFileType = audio.mp3; path = c1s.mp3; sourceTree = "<group>"; };
		C46F29872396CE73001F2652 /* c1.mp3 */ = {isa = PBXFileReference; lastKnownFileType = audio.mp3; path = c1.mp3; sourceTree = "<group>"; };
/* End PBXFileReference section */

/* Begin PBXFrameworksBuildPhase section */
		C411A01E2396902400E58155 /* Frameworks */ = {
			isa = PBXFrameworksBuildPhase;
			buildActionMask = 2147483647;
			files = (
			);
			runOnlyForDeploymentPostprocessing = 0;
		};
/* End PBXFrameworksBuildPhase section */

/* Begin PBXGroup section */
		C411A0182396902400E58155 = {
			isa = PBXGroup;
			children = (
				C411A0232396902400E58155 /* Piano */,
				C411A0222396902400E58155 /* Products */,
			);
			sourceTree = "<group>";
		};
		C411A0222396902400E58155 /* Products */ = {
			isa = PBXGroup;
			children = (
				C411A0212396902400E58155 /* Piano.app */,
			);
			name = Products;
			sourceTree = "<group>";
		};
		C411A0232396902400E58155 /* Piano */ = {
			isa = PBXGroup;
			children = (
				C46F297A2396CE17001F2652 /* Sounds */,
				C411A0242396902400E58155 /* AppDelegate.swift */,
				C411A0262396902400E58155 /* SceneDelegate.swift */,
				C411A0282396902400E58155 /* ViewController.swift */,
				C411A02A2396902400E58155 /* Main.storyboard */,
				C411A02D2396902700E58155 /* Assets.xcassets */,
				C411A02F2396902700E58155 /* LaunchScreen.storyboard */,
				C411A0322396902700E58155 /* Info.plist */,
				C46F29782396BFD0001F2652 /* Extensiones.swift */,
			);
			path = Piano;
			sourceTree = "<group>";
		};
		C46F297A2396CE17001F2652 /* Sounds */ = {
			isa = PBXGroup;
			children = (
				C46F297D2396CE73001F2652 /* a1.mp3 */,
				C46F29802396CE73001F2652 /* a1s.mp3 */,
				C46F29822396CE73001F2652 /* b1.mp3 */,
				C46F29872396CE73001F2652 /* c1.mp3 */,
				C46F29862396CE73001F2652 /* c1s.mp3 */,
				C46F297F2396CE73001F2652 /* c2.mp3 */,
				C46F297E2396CE73001F2652 /* d1.mp3 */,
				C46F29832396CE73001F2652 /* d1s.mp3 */,
				C46F29842396CE73001F2652 /* e1.mp3 */,
				C46F297B2396CE73001F2652 /* f1.mp3 */,
				C46F29852396CE73001F2652 /* f1s.mp3 */,
				C46F297C2396CE73001F2652 /* g1.mp3 */,
				C46F29812396CE73001F2652 /* g1s.mp3 */,
			);
			path = Sounds;
			sourceTree = "<group>";
		};
/* End PBXGroup section */

/* Begin PBXNativeTarget section */
		C411A0202396902400E58155 /* Piano */ = {
			isa = PBXNativeTarget;
			buildConfigurationList = C411A0352396902700E58155 /* Build configuration list for PBXNativeTarget "Piano" */;
			buildPhases = (
				C411A01D2396902400E58155 /* Sources */,
				C411A01E2396902400E58155 /* Frameworks */,
				C411A01F2396902400E58155 /* Resources */,
			);
			buildRules = (
			);
			dependencies = (
			);
			name = Piano;
			productName = Piano;
			productReference = C411A0212396902400E58155 /* Piano.app */;
			productType = "com.apple.product-type.application";
		};
/* End PBXNativeTarget section */

/* Begin PBXProject section */
		C411A0192396902400E58155 /* Project object */ = {
			isa = PBXProject;
			attributes = {
				LastSwiftUpdateCheck = 1120;
				LastUpgradeCheck = 1120;
				ORGANIZATIONNAME = "Raúl ";
				TargetAttributes = {
					C411A0202396902400E58155 = {
						CreatedOnToolsVersion = 11.2.1;
					};
				};
			};
			buildConfigurationList = C411A01C2396902400E58155 /* Build configuration list for PBXProject "Piano" */;
			compatibilityVersion = "Xcode 9.3";
			developmentRegion = en;
			hasScannedForEncodings = 0;
			knownRegions = (
				en,
				Base,
			);
			mainGroup = C411A0182396902400E58155;
			productRefGroup = C411A0222396902400E58155 /* Products */;
			projectDirPath = "";
			projectRoot = "";
			targets = (
				C411A0202396902400E58155 /* Piano */,
			);
		};
/* End PBXProject section */

/* Begin PBXResourcesBuildPhase section */
		C411A01F2396902400E58155 /* Resources */ = {
			isa = PBXResourcesBuildPhase;
			buildActionMask = 2147483647;
			files = (
				C46F29912396CE73001F2652 /* e1.mp3 in Resources */,
				C46F298D2396CE73001F2652 /* a1s.mp3 in Resources */,
				C46F298B2396CE73001F2652 /* d1.mp3 in Resources */,
				C46F298C2396CE73001F2652 /* c2.mp3 in Resources */,
				C46F29892396CE73001F2652 /* g1.mp3 in Resources */,
				C411A0312396902700E58155 /* LaunchScreen.storyboard in Resources */,
				C411A02E2396902700E58155 /* Assets.xcassets in Resources */,
				C46F298E2396CE73001F2652 /* g1s.mp3 in Resources */,
				C46F29942396CE73001F2652 /* c1.mp3 in Resources */,
				C411A02C2396902400E58155 /* Main.storyboard in Resources */,
				C46F29922396CE73001F2652 /* f1s.mp3 in Resources */,
				C46F298A2396CE73001F2652 /* a1.mp3 in Resources */,
				C46F29902396CE73001F2652 /* d1s.mp3 in Resources */,
				C46F29932396CE73001F2652 /* c1s.mp3 in Resources */,
				C46F29882396CE73001F2652 /* f1.mp3 in Resources */,
				C46F298F2396CE73001F2652 /* b1.mp3 in Resources */,
			);
			runOnlyForDeploymentPostprocessing = 0;
		};
/* End PBXResourcesBuildPhase section */

/* Begin PBXSourcesBuildPhase section */
		C411A01D2396902400E58155 /* Sources */ = {
			isa = PBXSourcesBuildPhase;
			buildActionMask = 2147483647;
			files = (
				C411A0292396902400E58155 /* ViewController.swift in Sources */,
				C46F29792396BFD0001F2652 /* Extensiones.swift in Sources */,
				C411A0252396902400E58155 /* AppDelegate.swift in Sources */,
				C411A0272396902400E58155 /* SceneDelegate.swift in Sources */,
			);
			runOnlyForDeploymentPostprocessing = 0;
		};
/* End PBXSourcesBuildPhase section */

/* Begin PBXVariantGroup section */
		C411A02A2396902400E58155 /* Main.storyboard */ = {
			isa = PBXVariantGroup;
			children = (
				C411A02B2396902400E58155 /* Base */,
			);
			name = Main.storyboard;
			sourceTree = "<group>";
		};
		C411A02F2396902700E58155 /* LaunchScreen.storyboard */ = {
			isa = PBXVariantGroup;
			children = (
				C411A0302396902700E58155 /* Base */,
			);
			name = LaunchScreen.storyboard;
			sourceTree = "<group>";
		};
/* End PBXVariantGroup section */

/* Begin XCBuildConfiguration section */
		C411A0332396902700E58155 /* Debug */ = {
			isa = XCBuildConfiguration;
			buildSettings = {
				ALWAYS_SEARCH_USER_PATHS = NO;
				CLANG_ANALYZER_NONNULL = YES;
				CLANG_ANALYZER_NUMBER_OBJECT_CONVERSION = YES_AGGRESSIVE;
				CLANG_CXX_LANGUAGE_STANDARD = "gnu++14";
				CLANG_CXX_LIBRARY = "libc++";
				CLANG_ENABLE_MODULES = YES;
				CLANG_ENABLE_OBJC_ARC = YES;
				CLANG_ENABLE_OBJC_WEAK = YES;
				CLANG_WARN_BLOCK_CAPTURE_AUTORELEASING = YES;
				CLANG_WARN_BOOL_CONVERSION = YES;
				CLANG_WARN_COMMA = YES;
				CLANG_WARN_CONSTANT_CONVERSION = YES;
				CLANG_WARN_DEPRECATED_OBJC_IMPLEMENTATIONS = YES;
				CLANG_WARN_DIRECT_OBJC_ISA_USAGE = YES_ERROR;
				CLANG_WARN_DOCUMENTATION_COMMENTS = YES;
				CLANG_WARN_EMPTY_BODY = YES;
				CLANG_WARN_ENUM_CONVERSION = YES;
				CLANG_WARN_INFINITE_RECURSION = YES;
				CLANG_WARN_INT_CONVERSION = YES;
				CLANG_WARN_NON_LITERAL_NULL_CONVERSION = YES;
				CLANG_WARN_OBJC_IMPLICIT_RETAIN_SELF = YES;
				CLANG_WARN_OBJC_LITERAL_CONVERSION = YES;
				CLANG_WARN_OBJC_ROOT_CLASS = YES_ERROR;
				CLANG_WARN_RANGE_LOOP_ANALYSIS = YES;
				CLANG_WARN_STRICT_PROTOTYPES = YES;
				CLANG_WARN_SUSPICIOUS_MOVE = YES;
				CLANG_WARN_UNGUARDED_AVAILABILITY = YES_AGGRESSIVE;
				CLANG_WARN_UNREACHABLE_CODE = YES;
				CLANG_WARN__DUPLICATE_METHOD_MATCH = YES;
				COPY_PHASE_STRIP = NO;
				DEBUG_INFORMATION_FORMAT = dwarf;
				ENABLE_STRICT_OBJC_MSGSEND = YES;
				ENABLE_TESTABILITY = YES;
				GCC_C_LANGUAGE_STANDARD = gnu11;
				GCC_DYNAMIC_NO_PIC = NO;
				GCC_NO_COMMON_BLOCKS = YES;
				GCC_OPTIMIZATION_LEVEL = 0;
				GCC_PREPROCESSOR_DEFINITIONS = (
					"DEBUG=1",
					"$(inherited)",
				);
				GCC_WARN_64_TO_32_BIT_CONVERSION = YES;
				GCC_WARN_ABOUT_RETURN_TYPE = YES_ERROR;
				GCC_WARN_UNDECLARED_SELECTOR = YES;
				GCC_WARN_UNINITIALIZED_AUTOS = YES_AGGRESSIVE;
				GCC_WARN_UNUSED_FUNCTION = YES;
				GCC_WARN_UNUSED_VARIABLE = YES;
				IPHONEOS_DEPLOYMENT_TARGET = 13.2;
				MTL_ENABLE_DEBUG_INFO = INCLUDE_SOURCE;
				MTL_FAST_MATH = YES;
				ONLY_ACTIVE_ARCH = YES;
				SDKROOT = iphoneos;
				SWIFT_ACTIVE_COMPILATION_CONDITIONS = DEBUG;
				SWIFT_OPTIMIZATION_LEVEL = "-Onone";
			};
			name = Debug;
		};
		C411A0342396902700E58155 /* Release */ = {
			isa = XCBuildConfiguration;
			buildSettings = {
				ALWAYS_SEARCH_USER_PATHS = NO;
				CLANG_ANALYZER_NONNULL = YES;
				CLANG_ANALYZER_NUMBER_OBJECT_CONVERSION = YES_AGGRESSIVE;
				CLANG_CXX_LANGUAGE_STANDARD = "gnu++14";
				CLANG_CXX_LIBRARY = "libc++";
				CLANG_ENABLE_MODULES = YES;
				CLANG_ENABLE_OBJC_ARC = YES;
				CLANG_ENABLE_OBJC_WEAK = YES;
				CLANG_WARN_BLOCK_CAPTURE_AUTORELEASING = YES;
				CLANG_WARN_BOOL_CONVERSION = YES;
				CLANG_WARN_COMMA = YES;
				CLANG_WARN_CONSTANT_CONVERSION = YES;
				CLANG_WARN_DEPRECATED_OBJC_IMPLEMENTATIONS = YES;
				CLANG_WARN_DIRECT_OBJC_ISA_USAGE = YES_ERROR;
				CLANG_WARN_DOCUMENTATION_COMMENTS = YES;
				CLANG_WARN_EMPTY_BODY = YES;
				CLANG_WARN_ENUM_CONVERSION = YES;
				CLANG_WARN_INFINITE_RECURSION = YES;
				CLANG_WARN_INT_CONVERSION = YES;
				CLANG_WARN_NON_LITERAL_NULL_CONVERSION = YES;
				CLANG_WARN_OBJC_IMPLICIT_RETAIN_SELF = YES;
				CLANG_WARN_OBJC_LITERAL_CONVERSION = YES;
				CLANG_WARN_OBJC_ROOT_CLASS = YES_ERROR;
				CLANG_WARN_RANGE_LOOP_ANALYSIS = YES;
				CLANG_WARN_STRICT_PROTOTYPES = YES;
				CLANG_WARN_SUSPICIOUS_MOVE = YES;
				CLANG_WARN_UNGUARDED_AVAILABILITY = YES_AGGRESSIVE;
				CLANG_WARN_UNREACHABLE_CODE = YES;
				CLANG_WARN__DUPLICATE_METHOD_MATCH = YES;
				COPY_PHASE_STRIP = NO;
				DEBUG_INFORMATION_FORMAT = "dwarf-with-dsym";
				ENABLE_NS_ASSERTIONS = NO;
				ENABLE_STRICT_OBJC_MSGSEND = YES;
				GCC_C_LANGUAGE_STANDARD = gnu11;
				GCC_NO_COMMON_BLOCKS = YES;
				GCC_WARN_64_TO_32_BIT_CONVERSION = YES;
				GCC_WARN_ABOUT_RETURN_TYPE = YES_ERROR;
				GCC_WARN_UNDECLARED_SELECTOR = YES;
				GCC_WARN_UNINITIALIZED_AUTOS = YES_AGGRESSIVE;
				GCC_WARN_UNUSED_FUNCTION = YES;
				GCC_WARN_UNUSED_VARIABLE = YES;
				IPHONEOS_DEPLOYMENT_TARGET = 13.2;
				MTL_ENABLE_DEBUG_INFO = NO;
				MTL_FAST_MATH = YES;
				SDKROOT = iphoneos;
				SWIFT_COMPILATION_MODE = wholemodule;
				SWIFT_OPTIMIZATION_LEVEL = "-O";
				VALIDATE_PRODUCT = YES;
			};
			name = Release;
		};
		C411A0362396902700E58155 /* Debug */ = {
			isa = XCBuildConfiguration;
			buildSettings = {
				ASSETCATALOG_COMPILER_APPICON_NAME = AppIcon;
				CODE_SIGN_STYLE = Automatic;
				DEVELOPMENT_TEAM = 65ZM5Z62U6;
				INFOPLIST_FILE = Piano/Info.plist;
				LD_RUNPATH_SEARCH_PATHS = (
					"$(inherited)",
					"@executable_path/Frameworks",
				);
				PRODUCT_BUNDLE_IDENTIFIER = com.srraul94.Piano;
				PRODUCT_NAME = "$(TARGET_NAME)";
				SWIFT_VERSION = 5.0;
				TARGETED_DEVICE_FAMILY = 1;
			};
			name = Debug;
		};
		C411A0372396902700E58155 /* Release */ = {
			isa = XCBuildConfiguration;
			buildSettings = {
				ASSETCATALOG_COMPILER_APPICON_NAME = AppIcon;
				CODE_SIGN_STYLE = Automatic;
				DEVELOPMENT_TEAM = 65ZM5Z62U6;
				INFOPLIST_FILE = Piano/Info.plist;
				LD_RUNPATH_SEARCH_PATHS = (
					"$(inherited)",
					"@executable_path/Frameworks",
				);
				PRODUCT_BUNDLE_IDENTIFIER = com.srraul94.Piano;
				PRODUCT_NAME = "$(TARGET_NAME)";
				SWIFT_VERSION = 5.0;
				TARGETED_DEVICE_FAMILY = 1;
			};
			name = Release;
		};
/* End XCBuildConfiguration section */

/* Begin XCConfigurationList section */
		C411A01C2396902400E58155 /* Build configuration list for PBXProject "Piano" */ = {
			isa = XCConfigurationList;
			buildConfigurations = (
				C411A0332396902700E58155 /* Debug */,
				C411A0342396902700E58155 /* Release */,
			);
			defaultConfigurationIsVisible = 0;
			defaultConfigurationName = Release;
		};
		C411A0352396902700E58155 /* Build configuration list for PBXNativeTarget "Piano" */ = {
			isa = XCConfigurationList;
			buildConfigurations = (
				C411A0362396902700E58155 /* Debug */,
				C411A0372396902700E58155 /* Release */,
			);
			defaultConfigurationIsVisible = 0;
			defaultConfigurationName = Release;
		};
/* End XCConfigurationList section */
	};
	rootObject = C411A0192396902400E58155 /* Project object */;
}
